
Microsoft Visual Studio Solution File, Format Version 12.00
# Visual Studio Version 16
VisualStudioVersion = 16.0.30330.147
MinimumVisualStudioVersion = 10.0.40219.1
Project("{FAE04EC0-301F-11D3-BF4B-00C04F79EFBC}") = "PBookAPI", "PBookAPI\PBookAPI.csproj", "{4642A5F0-299E-4A7E-B09A-293FAA114FE5}"
EndProject
Global
	GlobalSection(SolutionConfigurationPlatforms) = preSolution
		Debug|Any CPU = Debug|Any CPU
		Release|Any CPU = Release|Any CPU
	EndGlobalSection
	GlobalSection(ProjectConfigurationPlatforms) = postSolution
		{4642A5F0-299E-4A7E-B09A-293FAA114FE5}.Debug|Any CPU.ActiveCfg = Debug|Any CPU
		{4642A5F0-299E-4A7E-B09A-293FAA114FE5}.Debug|Any CPU.Build.0 = Debug|Any CPU
		{4642A5F0-299E-4A7E-B09A-293FAA114FE5}.Release|Any CPU.ActiveCfg = Release|Any CPU
		{4642A5F0-299E-4A7E-B09A-293FAA114FE5}.Release|Any CPU.Build.0 = Release|Any CPU
	EndGlobalSection
	GlobalSection(SolutionProperties) = preSolution
		HideSolutionNode = FALSE
	EndGlobalSection
	GlobalSection(ExtensibilityGlobals) = postSolution
		SolutionGuid = {08A5908C-967A-402F-9602-60E84B48BBDC}
	EndGlobalSection
EndGlobal
